{
  "name": "svelte-app-layer",
  "lockfileVersion": 3,
  "requires": true,
  "packages": {
    "": {
      "name": "svelte-app-layer",
      "dependencies": {
        "@apimda/client": "^0.0.11",
        "@apimda/core": "^0.0.11"
      }
    },
    "node_modules/@apimda/client": {
      "version": "0.0.11",
      "resolved": "https://registry.npmjs.org/@apimda/client/-/client-0.0.11.tgz",
      "integrity": "sha512-rvpOQD7LQYR5bPGh99VFjiO+T8vANfrzF+D1ziVUtHgm5KX0w1Cqbsb+0w6XAsRpei7xVPwgQc7VNDCz3lQgmg==",
      "dependencies": {
        "@apimda/core": "0.0.11"
      }
    },
    "node_modules/@apimda/core": {
      "version": "0.0.11",
      "resolved": "https://registry.npmjs.org/@apimda/core/-/core-0.0.11.tgz",
      "integrity": "sha512-SEP8+k630wJRwtlVXjmZM5+9Nep73OZLsAVaKB/idVROT4Afnka84+TZkQr9ImA21lVOElzl9KUib+rUYFxWXw==",
      "dependencies": {
        "zod": "^3.21.4"
      }
    },
    "node_modules/zod": {
      "version": "3.23.8",
      "resolved": "https://registry.npmjs.org/zod/-/zod-3.23.8.tgz",
      "integrity": "sha512-XBx9AXhXktjUqnepgTiE5flcKIYWi/rme0Eaj+5Y0lftuGBq+jyRu/md4WnuxqgP1ubdpNCsYEYPxrzVHD8d6g==",
      "funding": {
        "url": "https://github.com/sponsors/colinhacks"
      }
    }
  }
}
